
Microsoft Visual Studio Solution File, Format Version 12.00
# Visual Studio Version 17
VisualStudioVersion = 17.1.32421.90
MinimumVisualStudioVersion = 10.0.40219.1
Project("{FAE04EC0-301F-11D3-BF4B-00C04F79EFBC}") = "SirboniArt.WebApp", "SirboniArt.WebApp\SirboniArt.WebApp.csproj", "{1B0FD5B9-31E7-4ED6-AEC4-68B5FB496592}"
EndProject
Global
	GlobalSection(SolutionConfigurationPlatforms) = preSolution
		Debug|Any CPU = Debug|Any CPU
		Release|Any CPU = Release|Any CPU
	EndGlobalSection
	GlobalSection(ProjectConfigurationPlatforms) = postSolution
		{1B0FD5B9-31E7-4ED6-AEC4-68B5FB496592}.Debug|Any CPU.ActiveCfg = Debug|Any CPU
		{1B0FD5B9-31E7-4ED6-AEC4-68B5FB496592}.Debug|Any CPU.Build.0 = Debug|Any CPU
		{1B0FD5B9-31E7-4ED6-AEC4-68B5FB496592}.Release|Any CPU.ActiveCfg = Release|Any CPU
		{1B0FD5B9-31E7-4ED6-AEC4-68B5FB496592}.Release|Any CPU.Build.0 = Release|Any CPU
	EndGlobalSection
	GlobalSection(SolutionProperties) = preSolution
		HideSolutionNode = FALSE
	EndGlobalSection
	GlobalSection(ExtensibilityGlobals) = postSolution
		SolutionGuid = {74F14CEC-66B4-474D-AD5E-114EF68B5F07}
	EndGlobalSection
EndGlobal
